<Solution Description="Visual Studio slnx file generated by Premake" Version="1.4">
  <Configurations>
    <BuildType Name="Debug" />
    <BuildType Name="Release" />
    <Platform Name="Win32" />
  </Configurations>
  <Project Path="EngineLib.vcxproj" Id="32CF8BD1-9E39-4048-E777-F1ED53211E9D">
  </Project>
  <Project Path="Sandbox.vcxproj" Id="F4C124E3-60A1-A37E-69B9-2E55D5170AE0" DefaultStartup="true">
  </Project>
</Solution>